
Microsoft Visual Studio Solution File, Format Version 12.00
# Visual Studio Version 16
VisualStudioVersion = 16.0.29806.167
MinimumVisualStudioVersion = 10.0.40219.1
Project("{FAE04EC0-301F-11D3-BF4B-00C04F79EFBC}") = "XamaRead", "XamaRead\XamaRead\XamaRead.csproj", "{6EB65FB9-6E34-4C25-B8FA-86A62B652B5C}"
EndProject
Project("{FAE04EC0-301F-11D3-BF4B-00C04F79EFBC}") = "XamaRead.Android", "XamaRead\XamaRead.Android\XamaRead.Android.csproj", "{8D9E1E44-FDA3-4D01-99A5-C827EAFB9F5A}"
EndProject
Project("{FAE04EC0-301F-11D3-BF4B-00C04F79EFBC}") = "XamaRead.iOS", "XamaRead\XamaRead.iOS\XamaRead.iOS.csproj", "{7EF0D9A0-4FC7-467E-B808-88A99BC8621E}"
EndProject
Project("{FAE04EC0-301F-11D3-BF4B-00C04F79EFBC}") = "XamaRead.UWP", "XamaRead\XamaRead.UWP\XamaRead.UWP.csproj", "{F118FFFA-68AB-429D-B1DB-D9CEE7F777CE}"
EndProject
Global
	GlobalSection(SolutionConfigurationPlatforms) = preSolution
		Ad-Hoc|Any CPU = Ad-Hoc|Any CPU
		Ad-Hoc|ARM = Ad-Hoc|ARM
		Ad-Hoc|iPhone = Ad-Hoc|iPhone
		Ad-Hoc|iPhoneSimulator = Ad-Hoc|iPhoneSimulator
		Ad-Hoc|x64 = Ad-Hoc|x64
		Ad-Hoc|x86 = Ad-Hoc|x86
		AppStore|Any CPU = AppStore|Any CPU
		AppStore|ARM = AppStore|ARM
		AppStore|iPhone = AppStore|iPhone
		AppStore|iPhoneSimulator = AppStore|iPhoneSimulator
		AppStore|x64 = AppStore|x64
		AppStore|x86 = AppStore|x86
		Debug|Any CPU = Debug|Any CPU
		Debug|ARM = Debug|ARM
		Debug|iPhone = Debug|iPhone
		Debug|iPhoneSimulator = Debug|iPhoneSimulator
		Debug|x64 = Debug|x64
		Debug|x86 = Debug|x86
		Release|Any CPU = Release|Any CPU
		Release|ARM = Release|ARM
		Release|iPhone = Release|iPhone
		Release|iPhoneSimulator = Release|iPhoneSimulator
		Release|x64 = Release|x64
		Release|x86 = Release|x86
	EndGlobalSection
	GlobalSection(ProjectConfigurationPlatforms) = postSolution
		{6EB65FB9-6E34-4C25-B8FA-86A62B652B5C}.Ad-Hoc|Any CPU.ActiveCfg = Debug|Any CPU
		{6EB65FB9-6E34-4C25-B8FA-86A62B652B5C}.Ad-Hoc|Any CPU.Build.0 = Debug|Any CPU
		{6EB65FB9-6E34-4C25-B8FA-86A62B652B5C}.Ad-Hoc|ARM.ActiveCfg = Debug|Any CPU
		{6EB65FB9-6E34-4C25-B8FA-86A62B652B5C}.Ad-Hoc|ARM.Build.0 = Debug|Any CPU
		{6EB65FB9-6E34-4C25-B8FA-86A62B652B5C}.Ad-Hoc|iPhone.ActiveCfg = Debug|Any CPU
		{6EB65FB9-6E34-4C25-B8FA-86A62B652B5C}.Ad-Hoc|iPhone.Build.0 = Debug|Any CPU
		{6EB65FB9-6E34-4C25-B8FA-86A62B652B5C}.Ad-Hoc|iPhoneSimulator.ActiveCfg = Debug|Any CPU
		{6EB65FB9-6E34-4C25-B8FA-86A62B652B5C}.Ad-Hoc|iPhoneSimulator.Build.0 = Debug|Any CPU
		{6EB65FB9-6E34-4C25-B8FA-86A62B652B5C}.Ad-Hoc|x64.ActiveCfg = Debug|Any CPU
		{6EB65FB9-6E34-4C25-B8FA-86A62B652B5C}.Ad-Hoc|x64.Build.0 = Debug|Any CPU
		{6EB65FB9-6E34-4C25-B8FA-86A62B652B5C}.Ad-Hoc|x86.ActiveCfg = Debug|Any CPU
		{6EB65FB9-6E34-4C25-B8FA-86A62B652B5C}.Ad-Hoc|x86.Build.0 = Debug|Any CPU
		{6EB65FB9-6E34-4C25-B8FA-86A62B652B5C}.AppStore|Any CPU.ActiveCfg = Debug|Any CPU
		{6EB65FB9-6E34-4C25-B8FA-86A62B652B5C}.AppStore|Any CPU.Build.0 = Debug|Any CPU
		{6EB65FB9-6E34-4C25-B8FA-86A62B652B5C}.AppStore|ARM.ActiveCfg = Debug|Any CPU
		{6EB65FB9-6E34-4C25-B8FA-86A62B652B5C}.AppStore|ARM.Build.0 = Debug|Any CPU
		{6EB65FB9-6E34-4C25-B8FA-86A62B652B5C}.AppStore|iPhone.ActiveCfg = Debug|Any CPU
		{6EB65FB9-6E34-4C25-B8FA-86A62B652B5C}.AppStore|iPhone.Build.0 = Debug|Any CPU
		{6EB65FB9-6E34-4C25-B8FA-86A62B652B5C}.AppStore|iPhoneSimulator.ActiveCfg = Debug|Any CPU
		{6EB65FB9-6E34-4C25-B8FA-86A62B652B5C}.AppStore|iPhoneSimulator.Build.0 = Debug|Any CPU
		{6EB65FB9-6E34-4C25-B8FA-86A62B652B5C}.AppStore|x64.ActiveCfg = Debug|Any CPU
		{6EB65FB9-6E34-4C25-B8FA-86A62B652B5C}.AppStore|x64.Build.0 = Debug|Any CPU
		{6EB65FB9-6E34-4C25-B8FA-86A62B652B5C}.AppStore|x86.ActiveCfg = Debug|Any CPU
		{6EB65FB9-6E34-4C25-B8FA-86A62B652B5C}.AppStore|x86.Build.0 = Debug|Any CPU
		{6EB65FB9-6E34-4C25-B8FA-86A62B652B5C}.Debug|Any CPU.ActiveCfg = Debug|Any CPU
		{6EB65FB9-6E34-4C25-B8FA-86A62B652B5C}.Debug|Any CPU.Build.0 = Debug|Any CPU
		{6EB65FB9-6E34-4C25-B8FA-86A62B652B5C}.Debug|ARM.ActiveCfg = Debug|Any CPU
		{6EB65FB9-6E34-4C25-B8FA-86A62B652B5C}.Debug|ARM.Build.0 = Debug|Any CPU
		{6EB65FB9-6E34-4C25-B8FA-86A62B652B5C}.Debug|iPhone.ActiveCfg = Debug|Any CPU
		{6EB65FB9-6E34-4C25-B8FA-86A62B652B5C}.Debug|iPhone.Build.0 = Debug|Any CPU
		{6EB65FB9-6E34-4C25-B8FA-86A62B652B5C}.Debug|iPhoneSimulator.ActiveCfg = Debug|Any CPU
		{6EB65FB9-6E34-4C25-B8FA-86A62B652B5C}.Debug|iPhoneSimulator.Build.0 = Debug|Any CPU
		{6EB65FB9-6E34-4C25-B8FA-86A62B652B5C}.Debug|x64.ActiveCfg = Debug|Any CPU
		{6EB65FB9-6E34-4C25-B8FA-86A62B652B5C}.Debug|x64.Build.0 = Debug|Any CPU
		{6EB65FB9-6E34-4C25-B8FA-86A62B652B5C}.Debug|x86.ActiveCfg = Debug|Any CPU
		{6EB65FB9-6E34-4C25-B8FA-86A62B652B5C}.Debug|x86.Build.0 = Debug|Any CPU
		{6EB65FB9-6E34-4C25-B8FA-86A62B652B5C}.Release|Any CPU.ActiveCfg = Release|Any CPU
		{6EB65FB9-6E34-4C25-B8FA-86A62B652B5C}.Release|Any CPU.Build.0 = Release|Any CPU
		{6EB65FB9-6E34-4C25-B8FA-86A62B652B5C}.Release|ARM.ActiveCfg = Release|Any CPU
		{6EB65FB9-6E34-4C25-B8FA-86A62B652B5C}.Release|ARM.Build.0 = Release|Any CPU
		{6EB65FB9-6E34-4C25-B8FA-86A62B652B5C}.Release|iPhone.ActiveCfg = Release|Any CPU
		{6EB65FB9-6E34-4C25-B8FA-86A62B652B5C}.Release|iPhone.Build.0 = Release|Any CPU
		{6EB65FB9-6E34-4C25-B8FA-86A62B652B5C}.Release|iPhoneSimulator.ActiveCfg = Release|Any CPU
		{6EB65FB9-6E34-4C25-B8FA-86A62B652B5C}.Release|iPhoneSimulator.Build.0 = Release|Any CPU
		{6EB65FB9-6E34-4C25-B8FA-86A62B652B5C}.Release|x64.ActiveCfg = Release|Any CPU
		{6EB65FB9-6E34-4C25-B8FA-86A62B652B5C}.Release|x64.Build.0 = Release|Any CPU
		{6EB65FB9-6E34-4C25-B8FA-86A62B652B5C}.Release|x86.ActiveCfg = Release|Any CPU
		{6EB65FB9-6E34-4C25-B8FA-86A62B652B5C}.Release|x86.Build.0 = Release|Any CPU
		{8D9E1E44-FDA3-4D01-99A5-C827EAFB9F5A}.Ad-Hoc|Any CPU.ActiveCfg = Release|Any CPU
		{8D9E1E44-FDA3-4D01-99A5-C827EAFB9F5A}.Ad-Hoc|Any CPU.Build.0 = Release|Any CPU
		{8D9E1E44-FDA3-4D01-99A5-C827EAFB9F5A}.Ad-Hoc|Any CPU.Deploy.0 = Release|Any CPU
		{8D9E1E44-FDA3-4D01-99A5-C827EAFB9F5A}.Ad-Hoc|ARM.ActiveCfg = Release|Any CPU
		{8D9E1E44-FDA3-4D01-99A5-C827EAFB9F5A}.Ad-Hoc|ARM.Build.0 = Release|Any CPU
		{8D9E1E44-FDA3-4D01-99A5-C827EAFB9F5A}.Ad-Hoc|ARM.Deploy.0 = Release|Any CPU
		{8D9E1E44-FDA3-4D01-99A5-C827EAFB9F5A}.Ad-Hoc|iPhone.ActiveCfg = Release|Any CPU
		{8D9E1E44-FDA3-4D01-99A5-C827EAFB9F5A}.Ad-Hoc|iPhone.Build.0 = Release|Any CPU
		{8D9E1E44-FDA3-4D01-99A5-C827EAFB9F5A}.Ad-Hoc|iPhone.Deploy.0 = Release|Any CPU
		{8D9E1E44-FDA3-4D01-99A5-C827EAFB9F5A}.Ad-Hoc|iPhoneSimulator.ActiveCfg = Release|Any CPU
		{8D9E1E44-FDA3-4D01-99A5-C827EAFB9F5A}.Ad-Hoc|iPhoneSimulator.Build.0 = Release|Any CPU
		{8D9E1E44-FDA3-4D01-99A5-C827EAFB9F5A}.Ad-Hoc|iPhoneSimulator.Deploy.0 = Release|Any CPU
		{8D9E1E44-FDA3-4D01-99A5-C827EAFB9F5A}.Ad-Hoc|x64.ActiveCfg = Release|Any CPU
		{8D9E1E44-FDA3-4D01-99A5-C827EAFB9F5A}.Ad-Hoc|x64.Build.0 = Release|Any CPU
		{8D9E1E44-FDA3-4D01-99A5-C827EAFB9F5A}.Ad-Hoc|x64.Deploy.0 = Release|Any CPU
		{8D9E1E44-FDA3-4D01-99A5-C827EAFB9F5A}.Ad-Hoc|x86.ActiveCfg = Release|Any CPU
		{8D9E1E44-FDA3-4D01-99A5-C827EAFB9F5A}.Ad-Hoc|x86.Build.0 = Release|Any CPU
		{8D9E1E44-FDA3-4D01-99A5-C827EAFB9F5A}.Ad-Hoc|x86.Deploy.0 = Release|Any CPU
		{8D9E1E44-FDA3-4D01-99A5-C827EAFB9F5A}.AppStore|Any CPU.ActiveCfg = Release|Any CPU
		{8D9E1E44-FDA3-4D01-99A5-C827EAFB9F5A}.AppStore|Any CPU.Build.0 = Release|Any CPU
		{8D9E1E44-FDA3-4D01-99A5-C827EAFB9F5A}.AppStore|Any CPU.Deploy.0 = Release|Any CPU
		{8D9E1E44-FDA3-4D01-99A5-C827EAFB9F5A}.AppStore|ARM.ActiveCfg = Release|Any CPU
		{8D9E1E44-FDA3-4D01-99A5-C827EAFB9F5A}.AppStore|ARM.Build.0 = Release|Any CPU
		{8D9E1E44-FDA3-4D01-99A5-C827EAFB9F5A}.AppStore|ARM.Deploy.0 = Release|Any CPU
		{8D9E1E44-FDA3-4D01-99A5-C827EAFB9F5A}.AppStore|iPhone.ActiveCfg = Release|Any CPU
		{8D9E1E44-FDA3-4D01-99A5-C827EAFB9F5A}.AppStore|iPhone.Build.0 = Release|Any CPU
		{8D9E1E44-FDA3-4D01-99A5-C827EAFB9F5A}.AppStore|iPhone.Deploy.0 = Release|Any CPU
		{8D9E1E44-FDA3-4D01-99A5-C827EAFB9F5A}.AppStore|iPhoneSimulator.ActiveCfg = Release|Any CPU
		{8D9E1E44-FDA3-4D01-99A5-C827EAFB9F5A}.AppStore|iPhoneSimulator.Build.0 = Release|Any CPU
		{8D9E1E44-FDA3-4D01-99A5-C827EAFB9F5A}.AppStore|iPhoneSimulator.Deploy.0 = Release|Any CPU
		{8D9E1E44-FDA3-4D01-99A5-C827EAFB9F5A}.AppStore|x64.ActiveCfg = Release|Any CPU
		{8D9E1E44-FDA3-4D01-99A5-C827EAFB9F5A}.AppStore|x64.Build.0 = Release|Any CPU
		{8D9E1E44-FDA3-4D01-99A5-C827EAFB9F5A}.AppStore|x64.Deploy.0 = Release|Any CPU
		{8D9E1E44-FDA3-4D01-99A5-C827EAFB9F5A}.AppStore|x86.ActiveCfg = Release|Any CPU
		{8D9E1E44-FDA3-4D01-99A5-C827EAFB9F5A}.AppStore|x86.Build.0 = Release|Any CPU
		{8D9E1E44-FDA3-4D01-99A5-C827EAFB9F5A}.AppStore|x86.Deploy.0 = Release|Any CPU
		{8D9E1E44-FDA3-4D01-99A5-C827EAFB9F5A}.Debug|Any CPU.ActiveCfg = Debug|Any CPU
		{8D9E1E44-FDA3-4D01-99A5-C827EAFB9F5A}.Debug|Any CPU.Build.0 = Debug|Any CPU
		{8D9E1E44-FDA3-4D01-99A5-C827EAFB9F5A}.Debug|Any CPU.Deploy.0 = Debug|Any CPU
		{8D9E1E44-FDA3-4D01-99A5-C827EAFB9F5A}.Debug|ARM.ActiveCfg = Debug|Any CPU
		{8D9E1E44-FDA3-4D01-99A5-C827EAFB9F5A}.Debug|ARM.Build.0 = Debug|Any CPU
		{8D9E1E44-FDA3-4D01-99A5-C827EAFB9F5A}.Debug|ARM.Deploy.0 = Debug|Any CPU
		{8D9E1E44-FDA3-4D01-99A5-C827EAFB9F5A}.Debug|iPhone.ActiveCfg = Debug|Any CPU
		{8D9E1E44-FDA3-4D01-99A5-C827EAFB9F5A}.Debug|iPhone.Build.0 = Debug|Any CPU
		{8D9E1E44-FDA3-4D01-99A5-C827EAFB9F5A}.Debug|iPhone.Deploy.0 = Debug|Any CPU
		{8D9E1E44-FDA3-4D01-99A5-C827EAFB9F5A}.Debug|iPhoneSimulator.ActiveCfg = Debug|Any CPU
		{8D9E1E44-FDA3-4D01-99A5-C827EAFB9F5A}.Debug|iPhoneSimulator.Build.0 = Debug|Any CPU
		{8D9E1E44-FDA3-4D01-99A5-C827EAFB9F5A}.Debug|iPhoneSimulator.Deploy.0 = Debug|Any CPU
		{8D9E1E44-FDA3-4D01-99A5-C827EAFB9F5A}.Debug|x64.ActiveCfg = Debug|Any CPU
		{8D9E1E44-FDA3-4D01-99A5-C827EAFB9F5A}.Debug|x64.Build.0 = Debug|Any CPU
		{8D9E1E44-FDA3-4D01-99A5-C827EAFB9F5A}.Debug|x64.Deploy.0 = Debug|Any CPU
		{8D9E1E44-FDA3-4D01-99A5-C827EAFB9F5A}.Debug|x86.ActiveCfg = Debug|Any CPU
		{8D9E1E44-FDA3-4D01-99A5-C827EAFB9F5A}.Debug|x86.Build.0 = Debug|Any CPU
		{8D9E1E44-FDA3-4D01-99A5-C827EAFB9F5A}.Debug|x86.Deploy.0 = Debug|Any CPU
		{8D9E1E44-FDA3-4D01-99A5-C827EAFB9F5A}.Release|Any CPU.ActiveCfg = Release|Any CPU
		{8D9E1E44-FDA3-4D01-99A5-C827EAFB9F5A}.Release|Any CPU.Build.0 = Release|Any CPU
		{8D9E1E44-FDA3-4D01-99A5-C827EAFB9F5A}.Release|Any CPU.Deploy.0 = Release|Any CPU
		{8D9E1E44-FDA3-4D01-99A5-C827EAFB9F5A}.Release|ARM.ActiveCfg = Release|Any CPU
		{8D9E1E44-FDA3-4D01-99A5-C827EAFB9F5A}.Release|ARM.Build.0 = Release|Any CPU
		{8D9E1E44-FDA3-4D01-99A5-C827EAFB9F5A}.Release|ARM.Deploy.0 = Release|Any CPU
		{8D9E1E44-FDA3-4D01-99A5-C827EAFB9F5A}.Release|iPhone.ActiveCfg = Release|Any CPU
		{8D9E1E44-FDA3-4D01-99A5-C827EAFB9F5A}.Release|iPhone.Build.0 = Release|Any CPU
		{8D9E1E44-FDA3-4D01-99A5-C827EAFB9F5A}.Release|iPhone.Deploy.0 = Release|Any CPU
		{8D9E1E44-FDA3-4D01-99A5-C827EAFB9F5A}.Release|iPhoneSimulator.ActiveCfg = Release|Any CPU
		{8D9E1E44-FDA3-4D01-99A5-C827EAFB9F5A}.Release|iPhoneSimulator.Build.0 = Release|Any CPU
		{8D9E1E44-FDA3-4D01-99A5-C827EAFB9F5A}.Release|iPhoneSimulator.Deploy.0 = Release|Any CPU
		{8D9E1E44-FDA3-4D01-99A5-C827EAFB9F5A}.Release|x64.ActiveCfg = Release|Any CPU
		{8D9E1E44-FDA3-4D01-99A5-C827EAFB9F5A}.Release|x64.Build.0 = Release|Any CPU
		{8D9E1E44-FDA3-4D01-99A5-C827EAFB9F5A}.Release|x64.Deploy.0 = Release|Any CPU
		{8D9E1E44-FDA3-4D01-99A5-C827EAFB9F5A}.Release|x86.ActiveCfg = Release|Any CPU
		{8D9E1E44-FDA3-4D01-99A5-C827EAFB9F5A}.Release|x86.Build.0 = Release|Any CPU
		{8D9E1E44-FDA3-4D01-99A5-C827EAFB9F5A}.Release|x86.Deploy.0 = Release|Any CPU
		{7EF0D9A0-4FC7-467E-B808-88A99BC8621E}.Ad-Hoc|Any CPU.ActiveCfg = Ad-Hoc|iPhone
		{7EF0D9A0-4FC7-467E-B808-88A99BC8621E}.Ad-Hoc|ARM.ActiveCfg = Ad-Hoc|iPhone
		{7EF0D9A0-4FC7-467E-B808-88A99BC8621E}.Ad-Hoc|iPhone.ActiveCfg = Ad-Hoc|iPhone
		{7EF0D9A0-4FC7-467E-B808-88A99BC8621E}.Ad-Hoc|iPhone.Build.0 = Ad-Hoc|iPhone
		{7EF0D9A0-4FC7-467E-B808-88A99BC8621E}.Ad-Hoc|iPhoneSimulator.ActiveCfg = Ad-Hoc|iPhoneSimulator
		{7EF0D9A0-4FC7-467E-B808-88A99BC8621E}.Ad-Hoc|iPhoneSimulator.Build.0 = Ad-Hoc|iPhoneSimulator
		{7EF0D9A0-4FC7-467E-B808-88A99BC8621E}.Ad-Hoc|x64.ActiveCfg = Ad-Hoc|iPhone
		{7EF0D9A0-4FC7-467E-B808-88A99BC8621E}.Ad-Hoc|x86.ActiveCfg = Ad-Hoc|iPhone
		{7EF0D9A0-4FC7-467E-B808-88A99BC8621E}.AppStore|Any CPU.ActiveCfg = AppStore|iPhone
		{7EF0D9A0-4FC7-467E-B808-88A99BC8621E}.AppStore|ARM.ActiveCfg = AppStore|iPhone
		{7EF0D9A0-4FC7-467E-B808-88A99BC8621E}.AppStore|iPhone.ActiveCfg = AppStore|iPhone
		{7EF0D9A0-4FC7-467E-B808-88A99BC8621E}.AppStore|iPhone.Build.0 = AppStore|iPhone
		{7EF0D9A0-4FC7-467E-B808-88A99BC8621E}.AppStore|iPhoneSimulator.ActiveCfg = AppStore|iPhoneSimulator
		{7EF0D9A0-4FC7-467E-B808-88A99BC8621E}.AppStore|iPhoneSimulator.Build.0 = AppStore|iPhoneSimulator
		{7EF0D9A0-4FC7-467E-B808-88A99BC8621E}.AppStore|x64.ActiveCfg = AppStore|iPhone
		{7EF0D9A0-4FC7-467E-B808-88A99BC8621E}.AppStore|x86.ActiveCfg = AppStore|iPhone
		{7EF0D9A0-4FC7-467E-B808-88A99BC8621E}.Debug|Any CPU.ActiveCfg = Debug|iPhone
		{7EF0D9A0-4FC7-467E-B808-88A99BC8621E}.Debug|ARM.ActiveCfg = Debug|iPhone
		{7EF0D9A0-4FC7-467E-B808-88A99BC8621E}.Debug|iPhone.ActiveCfg = Debug|iPhone
		{7EF0D9A0-4FC7-467E-B808-88A99BC8621E}.Debug|iPhone.Build.0 = Debug|iPhone
		{7EF0D9A0-4FC7-467E-B808-88A99BC8621E}.Debug|iPhoneSimulator.ActiveCfg = Debug|iPhoneSimulator
		{7EF0D9A0-4FC7-467E-B808-88A99BC8621E}.Debug|iPhoneSimulator.Build.0 = Debug|iPhoneSimulator
		{7EF0D9A0-4FC7-467E-B808-88A99BC8621E}.Debug|x64.ActiveCfg = Debug|iPhone
		{7EF0D9A0-4FC7-467E-B808-88A99BC8621E}.Debug|x86.ActiveCfg = Debug|iPhone
		{7EF0D9A0-4FC7-467E-B808-88A99BC8621E}.Release|Any CPU.ActiveCfg = Release|iPhone
		{7EF0D9A0-4FC7-467E-B808-88A99BC8621E}.Release|ARM.ActiveCfg = Release|iPhone
		{7EF0D9A0-4FC7-467E-B808-88A99BC8621E}.Release|iPhone.ActiveCfg = Release|iPhone
		{7EF0D9A0-4FC7-467E-B808-88A99BC8621E}.Release|iPhone.Build.0 = Release|iPhone
		{7EF0D9A0-4FC7-467E-B808-88A99BC8621E}.Release|iPhoneSimulator.ActiveCfg = Release|iPhoneSimulator
		{7EF0D9A0-4FC7-467E-B808-88A99BC8621E}.Release|iPhoneSimulator.Build.0 = Release|iPhoneSimulator
		{7EF0D9A0-4FC7-467E-B808-88A99BC8621E}.Release|x64.ActiveCfg = Release|iPhone
		{7EF0D9A0-4FC7-467E-B808-88A99BC8621E}.Release|x86.ActiveCfg = Release|iPhone
		{F118FFFA-68AB-429D-B1DB-D9CEE7F777CE}.Ad-Hoc|Any CPU.ActiveCfg = Release|x86
		{F118FFFA-68AB-429D-B1DB-D9CEE7F777CE}.Ad-Hoc|Any CPU.Build.0 = Release|x86
		{F118FFFA-68AB-429D-B1DB-D9CEE7F777CE}.Ad-Hoc|Any CPU.Deploy.0 = Release|x86
		{F118FFFA-68AB-429D-B1DB-D9CEE7F777CE}.Ad-Hoc|ARM.ActiveCfg = Release|ARM
		{F118FFFA-68AB-429D-B1DB-D9CEE7F777CE}.Ad-Hoc|ARM.Build.0 = Release|ARM
		{F118FFFA-68AB-429D-B1DB-D9CEE7F777CE}.Ad-Hoc|ARM.Deploy.0 = Release|ARM
		{F118FFFA-68AB-429D-B1DB-D9CEE7F777CE}.Ad-Hoc|iPhone.ActiveCfg = Release|x86
		{F118FFFA-68AB-429D-B1DB-D9CEE7F777CE}.Ad-Hoc|iPhone.Build.0 = Release|x86
		{F118FFFA-68AB-429D-B1DB-D9CEE7F777CE}.Ad-Hoc|iPhone.Deploy.0 = Release|x86
		{F118FFFA-68AB-429D-B1DB-D9CEE7F777CE}.Ad-Hoc|iPhoneSimulator.ActiveCfg = Release|x86
		{F118FFFA-68AB-429D-B1DB-D9CEE7F777CE}.Ad-Hoc|iPhoneSimulator.Build.0 = Release|x86
		{F118FFFA-68AB-429D-B1DB-D9CEE7F777CE}.Ad-Hoc|iPhoneSimulator.Deploy.0 = Release|x86
		{F118FFFA-68AB-429D-B1DB-D9CEE7F777CE}.Ad-Hoc|x64.ActiveCfg = Release|x64
		{F118FFFA-68AB-429D-B1DB-D9CEE7F777CE}.Ad-Hoc|x64.Build.0 = Release|x64
		{F118FFFA-68AB-429D-B1DB-D9CEE7F777CE}.Ad-Hoc|x64.Deploy.0 = Release|x64
		{F118FFFA-68AB-429D-B1DB-D9CEE7F777CE}.Ad-Hoc|x86.ActiveCfg = Release|x86
		{F118FFFA-68AB-429D-B1DB-D9CEE7F777CE}.Ad-Hoc|x86.Build.0 = Release|x86
		{F118FFFA-68AB-429D-B1DB-D9CEE7F777CE}.Ad-Hoc|x86.Deploy.0 = Release|x86
		{F118FFFA-68AB-429D-B1DB-D9CEE7F777CE}.AppStore|Any CPU.ActiveCfg = Release|x86
		{F118FFFA-68AB-429D-B1DB-D9CEE7F777CE}.AppStore|Any CPU.Build.0 = Release|x86
		{F118FFFA-68AB-429D-B1DB-D9CEE7F777CE}.AppStore|Any CPU.Deploy.0 = Release|x86
		{F118FFFA-68AB-429D-B1DB-D9CEE7F777CE}.AppStore|ARM.ActiveCfg = Release|ARM
		{F118FFFA-68AB-429D-B1DB-D9CEE7F777CE}.AppStore|ARM.Build.0 = Release|ARM
		{F118FFFA-68AB-429D-B1DB-D9CEE7F777CE}.AppStore|ARM.Deploy.0 = Release|ARM
		{F118FFFA-68AB-429D-B1DB-D9CEE7F777CE}.AppStore|iPhone.ActiveCfg = Release|x86
		{F118FFFA-68AB-429D-B1DB-D9CEE7F777CE}.AppStore|iPhone.Build.0 = Release|x86
		{F118FFFA-68AB-429D-B1DB-D9CEE7F777CE}.AppStore|iPhone.Deploy.0 = Release|x86
		{F118FFFA-68AB-429D-B1DB-D9CEE7F777CE}.AppStore|iPhoneSimulator.ActiveCfg = Release|x86
		{F118FFFA-68AB-429D-B1DB-D9CEE7F777CE}.AppStore|iPhoneSimulator.Build.0 = Release|x86
		{F118FFFA-68AB-429D-B1DB-D9CEE7F777CE}.AppStore|iPhoneSimulator.Deploy.0 = Release|x86
		{F118FFFA-68AB-429D-B1DB-D9CEE7F777CE}.AppStore|x64.ActiveCfg = Release|x64
		{F118FFFA-68AB-429D-B1DB-D9CEE7F777CE}.AppStore|x64.Build.0 = Release|x64
		{F118FFFA-68AB-429D-B1DB-D9CEE7F777CE}.AppStore|x64.Deploy.0 = Release|x64
		{F118FFFA-68AB-429D-B1DB-D9CEE7F777CE}.AppStore|x86.ActiveCfg = Release|x86
		{F118FFFA-68AB-429D-B1DB-D9CEE7F777CE}.AppStore|x86.Build.0 = Release|x86
		{F118FFFA-68AB-429D-B1DB-D9CEE7F777CE}.AppStore|x86.Deploy.0 = Release|x86
		{F118FFFA-68AB-429D-B1DB-D9CEE7F777CE}.Debug|Any CPU.ActiveCfg = Debug|x86
		{F118FFFA-68AB-429D-B1DB-D9CEE7F777CE}.Debug|ARM.ActiveCfg = Debug|ARM
		{F118FFFA-68AB-429D-B1DB-D9CEE7F777CE}.Debug|ARM.Build.0 = Debug|ARM
		{F118FFFA-68AB-429D-B1DB-D9CEE7F777CE}.Debug|ARM.Deploy.0 = Debug|ARM
		{F118FFFA-68AB-429D-B1DB-D9CEE7F777CE}.Debug|iPhone.ActiveCfg = Debug|x86
		{F118FFFA-68AB-429D-B1DB-D9CEE7F777CE}.Debug|iPhoneSimulator.ActiveCfg = Debug|x86
		{F118FFFA-68AB-429D-B1DB-D9CEE7F777CE}.Debug|x64.ActiveCfg = Debug|x64
		{F118FFFA-68AB-429D-B1DB-D9CEE7F777CE}.Debug|x64.Build.0 = Debug|x64
		{F118FFFA-68AB-429D-B1DB-D9CEE7F777CE}.Debug|x64.Deploy.0 = Debug|x64
		{F118FFFA-68AB-429D-B1DB-D9CEE7F777CE}.Debug|x86.ActiveCfg = Debug|x86
		{F118FFFA-68AB-429D-B1DB-D9CEE7F777CE}.Debug|x86.Build.0 = Debug|x86
		{F118FFFA-68AB-429D-B1DB-D9CEE7F777CE}.Debug|x86.Deploy.0 = Debug|x86
		{F118FFFA-68AB-429D-B1DB-D9CEE7F777CE}.Release|Any CPU.ActiveCfg = Release|x86
		{F118FFFA-68AB-429D-B1DB-D9CEE7F777CE}.Release|ARM.ActiveCfg = Release|ARM
		{F118FFFA-68AB-429D-B1DB-D9CEE7F777CE}.Release|ARM.Build.0 = Release|ARM
		{F118FFFA-68AB-429D-B1DB-D9CEE7F777CE}.Release|ARM.Deploy.0 = Release|ARM
		{F118FFFA-68AB-429D-B1DB-D9CEE7F777CE}.Release|iPhone.ActiveCfg = Release|x86
		{F118FFFA-68AB-429D-B1DB-D9CEE7F777CE}.Release|iPhoneSimulator.ActiveCfg = Release|x86
		{F118FFFA-68AB-429D-B1DB-D9CEE7F777CE}.Release|x64.ActiveCfg = Release|x64
		{F118FFFA-68AB-429D-B1DB-D9CEE7F777CE}.Release|x64.Build.0 = Release|x64
		{F118FFFA-68AB-429D-B1DB-D9CEE7F777CE}.Release|x64.Deploy.0 = Release|x64
		{F118FFFA-68AB-429D-B1DB-D9CEE7F777CE}.Release|x86.ActiveCfg = Release|x86
		{F118FFFA-68AB-429D-B1DB-D9CEE7F777CE}.Release|x86.Build.0 = Release|x86
		{F118FFFA-68AB-429D-B1DB-D9CEE7F777CE}.Release|x86.Deploy.0 = Release|x86
	EndGlobalSection
	GlobalSection(SolutionProperties) = preSolution
		HideSolutionNode = FALSE
	EndGlobalSection
	GlobalSection(ExtensibilityGlobals) = postSolution
		SolutionGuid = {21F46F8A-2508-463C-A362-3CE8CF11485F}
	EndGlobalSection
EndGlobal
